// !$*UTF8*$!
{
	archiveVersion = 1;
	classes = {
	};
	objectVersion = 46;
	objects = {

/* Begin PBXBuildFile section */
		B702E72F1EF8A442003C89E4 /* EmailLoginViewController.swift in Sources */ = {isa = PBXBuildFile; fileRef = B702E72E1EF8A442003C89E4 /* EmailLoginViewController.swift */; };
		B7060DF31F021EED003E51C7 /* AccountViewController.swift in Sources */ = {isa = PBXBuildFile; fileRef = B7060DF21F021EED003E51C7 /* AccountViewController.swift */; };
		B7066E321F07E39A002FD738 /* PreviousViewController.swift in Sources */ = {isa = PBXBuildFile; fileRef = B7066E311F07E39A002FD738 /* PreviousViewController.swift */; };
		B71ACDA81EED8620005DCD80 /* SignInUpViewDesign.swift in Sources */ = {isa = PBXBuildFile; fileRef = B71ACDA71EED8620005DCD80 /* SignInUpViewDesign.swift */; };
		B71EEA3D1EED7D2A00CCF1D1 /* SignInandUpViewController.swift in Sources */ = {isa = PBXBuildFile; fileRef = B71EEA3C1EED7D2A00CCF1D1 /* SignInandUpViewController.swift */; };
		B725A8E01F01AB4B006AC9DF /* BaseViewController.swift in Sources */ = {isa = PBXBuildFile; fileRef = B725A8DF1F01AB4B006AC9DF /* BaseViewController.swift */; };
		B725A8E21F01BEB5006AC9DF /* BaseTableViewCell.swift in Sources */ = {isa = PBXBuildFile; fileRef = B725A8E11F01BEB5006AC9DF /* BaseTableViewCell.swift */; };
		B7260C381EDEFAC200FC3913 /* DetailCollectionViewCell.swift in Sources */ = {isa = PBXBuildFile; fileRef = B7260C371EDEFAC200FC3913 /* DetailCollectionViewCell.swift */; };
		B727ADDB1EC67AB20081F500 /* SWRevealViewController.m in Sources */ = {isa = PBXBuildFile; fileRef = B727ADDA1EC67AB20081F500 /* SWRevealViewController.m */; };
		B727ADDD1EC67DB00081F500 /* HomeViewController.swift in Sources */ = {isa = PBXBuildFile; fileRef = B727ADDC1EC67DB00081F500 /* HomeViewController.swift */; };
		B72A71F71EC677C100EA9BDF /* AppDelegate.swift in Sources */ = {isa = PBXBuildFile; fileRef = B72A71F61EC677C100EA9BDF /* AppDelegate.swift */; };
		B72A71FC1EC677C100EA9BDF /* Main.storyboard in Resources */ = {isa = PBXBuildFile; fileRef = B72A71FA1EC677C100EA9BDF /* Main.storyboard */; };
		B72A71FE1EC677C100EA9BDF /* Assets.xcassets in Resources */ = {isa = PBXBuildFile; fileRef = B72A71FD1EC677C100EA9BDF /* Assets.xcassets */; };
		B72A72011EC677C100EA9BDF /* LaunchScreen.storyboard in Resources */ = {isa = PBXBuildFile; fileRef = B72A71FF1EC677C100EA9BDF /* LaunchScreen.storyboard */; };
		B74892681EC7E365003ABE22 /* GoogleService-Info.plist in Resources */ = {isa = PBXBuildFile; fileRef = B74892671EC7E365003ABE22 /* GoogleService-Info.plist */; };
		B756C3D41ED547B200F1B46C /* DetailViewController.swift in Sources */ = {isa = PBXBuildFile; fileRef = B756C3D31ED547B200F1B46C /* DetailViewController.swift */; };
		B77083381EC7FB9D00302760 /* Post.swift in Sources */ = {isa = PBXBuildFile; fileRef = B77083371EC7FB9D00302760 /* Post.swift */; };
		B770833A1EC8034E00302760 /* FIRData.swift in Sources */ = {isa = PBXBuildFile; fileRef = B77083391EC8034E00302760 /* FIRData.swift */; };
		B7733EA01EC6A8E300D5B9BD /* newCollectionViewCell.swift in Sources */ = {isa = PBXBuildFile; fileRef = B7733E9F1EC6A8E300D5B9BD /* newCollectionViewCell.swift */; };
		B7733EA21EC6A96700D5B9BD /* popularCollectionViewCell.swift in Sources */ = {isa = PBXBuildFile; fileRef = B7733EA11EC6A96700D5B9BD /* popularCollectionViewCell.swift */; };
		B77B554C1EEF6C8C00262589 /* SignUpField.swift in Sources */ = {isa = PBXBuildFile; fileRef = B77B554B1EEF6C8C00262589 /* SignUpField.swift */; };
		B77B554E1EEF6E4900262589 /* RegisterButton.swift in Sources */ = {isa = PBXBuildFile; fileRef = B77B554D1EEF6E4900262589 /* RegisterButton.swift */; };
		B77B55501EEF6F1600262589 /* SignUpViewController.swift in Sources */ = {isa = PBXBuildFile; fileRef = B77B554F1EEF6F1600262589 /* SignUpViewController.swift */; };
		B77CEDED1EE3DB8F005D4215 /* CategoryDisplayTableViewCell.swift in Sources */ = {isa = PBXBuildFile; fileRef = B77CEDEC1EE3DB8F005D4215 /* CategoryDisplayTableViewCell.swift */; };
		B78053F71EE2C47B00F95BDF /* CategoryTableViewController.swift in Sources */ = {isa = PBXBuildFile; fileRef = B78053F61EE2C47B00F95BDF /* CategoryTableViewController.swift */; };
		B78053F91EE2C63300F95BDF /* CategorysTableViewCell.swift in Sources */ = {isa = PBXBuildFile; fileRef = B78053F81EE2C63300F95BDF /* CategorysTableViewCell.swift */; };
		B7A63B661EF9185E007808D6 /* ProfileViewController.swift in Sources */ = {isa = PBXBuildFile; fileRef = B7A63B651EF9185E007808D6 /* ProfileViewController.swift */; };
		B7B4CAD41EFA81330038F176 /* PostProductInfoViewController.swift in Sources */ = {isa = PBXBuildFile; fileRef = B7B4CAD31EFA81330038F176 /* PostProductInfoViewController.swift */; };
		B7B4CAD61EFA81570038F176 /* PostProductPhotosViewController.swift in Sources */ = {isa = PBXBuildFile; fileRef = B7B4CAD51EFA81570038F176 /* PostProductPhotosViewController.swift */; };
		B7B4CAD81EFAACE20038F176 /* PostDetailPhotosCollectionViewCell.swift in Sources */ = {isa = PBXBuildFile; fileRef = B7B4CAD71EFAACE20038F176 /* PostDetailPhotosCollectionViewCell.swift */; };
		B7D58C9E1EEE0D9100126406 /* signUpButtonDesign.swift in Sources */ = {isa = PBXBuildFile; fileRef = B7D58C9D1EEE0D9100126406 /* signUpButtonDesign.swift */; };
		B7DA001C1EDCBA8900CE5CC3 /* NewMoreCollectionViewController.swift in Sources */ = {isa = PBXBuildFile; fileRef = B7DA001B1EDCBA8900CE5CC3 /* NewMoreCollectionViewController.swift */; };
		B7DA001E1EDCBB8700CE5CC3 /* NewMoreReadCollectionViewCell.swift in Sources */ = {isa = PBXBuildFile; fileRef = B7DA001D1EDCBB8700CE5CC3 /* NewMoreReadCollectionViewCell.swift */; };
		B7DB51661EDCD0FC001847AC /* SectionHeaderCollectionReusableView.swift in Sources */ = {isa = PBXBuildFile; fileRef = B7DB51651EDCD0FC001847AC /* SectionHeaderCollectionReusableView.swift */; };
		B7E0F8721F08B5E900AD2A5B /* FirstCollectionViewCell.swift in Sources */ = {isa = PBXBuildFile; fileRef = B7E0F8711F08B5E900AD2A5B /* FirstCollectionViewCell.swift */; };
		B7E0F8751F08B9AF00AD2A5B /* FirstCollectionReusableView.swift in Sources */ = {isa = PBXBuildFile; fileRef = B7E0F8741F08B9AF00AD2A5B /* FirstCollectionReusableView.swift */; };
		B7E390271ED59E3C005D8BFC /* ButtonDesign.swift in Sources */ = {isa = PBXBuildFile; fileRef = B7E390261ED59E3C005D8BFC /* ButtonDesign.swift */; };
		B7E3902B1ED5A13E005D8BFC /* ImageDesign.swift in Sources */ = {isa = PBXBuildFile; fileRef = B7E3902A1ED5A13E005D8BFC /* ImageDesign.swift */; };
		B7F5CEE31EFCA99200E42B3B /* StoryViewController.swift in Sources */ = {isa = PBXBuildFile; fileRef = B7F5CEE21EFCA99200E42B3B /* StoryViewController.swift */; };
		B7F9B9631F0698DD0006AD38 /* ProfilePostsTableViewCell.swift in Sources */ = {isa = PBXBuildFile; fileRef = B7F9B9621F0698DD0006AD38 /* ProfilePostsTableViewCell.swift */; };
		B7FB80951EF5592000EA0CEE /* ProfileImage.swift in Sources */ = {isa = PBXBuildFile; fileRef = B7FB80941EF5592000EA0CEE /* ProfileImage.swift */; };
		B7FE1D6B1EDE29D70072A068 /* PopularMoreReadCollectionViewController.swift in Sources */ = {isa = PBXBuildFile; fileRef = B7FE1D6A1EDE29D70072A068 /* PopularMoreReadCollectionViewController.swift */; };
		B7FE1D6D1EDE2C850072A068 /* PopularMoreReadCollectionViewCell.swift in Sources */ = {isa = PBXBuildFile; fileRef = B7FE1D6C1EDE2C850072A068 /* PopularMoreReadCollectionViewCell.swift */; };
		B7FE1D6F1EDE2F9A0072A068 /* SectionHeaderPopCollectionReusableView.swift in Sources */ = {isa = PBXBuildFile; fileRef = B7FE1D6E1EDE2F9A0072A068 /* SectionHeaderPopCollectionReusableView.swift */; };
		EA7BFCDE87B8944C82D87222 /* Pods_Project6.framework in Frameworks */ = {isa = PBXBuildFile; fileRef = 449A34F918184C79A7F7AD45 /* Pods_Project6.framework */; };
/* End PBXBuildFile section */

/* Begin PBXFileReference section */
		063493BB14E15DFF892F2F2C /* Pods-Project6.debug.xcconfig */ = {isa = PBXFileReference; includeInIndex = 1; lastKnownFileType = text.xcconfig; name = "Pods-Project6.debug.xcconfig"; path = "Pods/Target Support Files/Pods-Project6/Pods-Project6.debug.xcconfig"; sourceTree = "<group>"; };
		449A34F918184C79A7F7AD45 /* Pods_Project6.framework */ = {isa = PBXFileReference; explicitFileType = wrapper.framework; includeInIndex = 0; path = Pods_Project6.framework; sourceTree = BUILT_PRODUCTS_DIR; };
		A3D5F851655234321568C5F6 /* Pods-Project6.release.xcconfig */ = {isa = PBXFileReference; includeInIndex = 1; lastKnownFileType = text.xcconfig; name = "Pods-Project6.release.xcconfig"; path = "Pods/Target Support Files/Pods-Project6/Pods-Project6.release.xcconfig"; sourceTree = "<group>"; };
		B702E72E1EF8A442003C89E4 /* EmailLoginViewController.swift */ = {isa = PBXFileReference; fileEncoding = 4; lastKnownFileType = sourcecode.swift; path = EmailLoginViewController.swift; sourceTree = "<group>"; };
		B7060DF21F021EED003E51C7 /* AccountViewController.swift */ = {isa = PBXFileReference; fileEncoding = 4; lastKnownFileType = sourcecode.swift; path = AccountViewController.swift; sourceTree = "<group>"; };
		B7066E311F07E39A002FD738 /* PreviousViewController.swift */ = {isa = PBXFileReference; fileEncoding = 4; lastKnownFileType = sourcecode.swift; path = PreviousViewController.swift; sourceTree = "<group>"; };
		B71ACDA71EED8620005DCD80 /* SignInUpViewDesign.swift */ = {isa = PBXFileReference; fileEncoding = 4; lastKnownFileType = sourcecode.swift; path = SignInUpViewDesign.swift; sourceTree = "<group>"; };
		B71EEA3C1EED7D2A00CCF1D1 /* SignInandUpViewController.swift */ = {isa = PBXFileReference; fileEncoding = 4; lastKnownFileType = sourcecode.swift; path = SignInandUpViewController.swift; sourceTree = "<group>"; };
		B725A8DF1F01AB4B006AC9DF /* BaseViewController.swift */ = {isa = PBXFileReference; fileEncoding = 4; lastKnownFileType = sourcecode.swift; path = BaseViewController.swift; sourceTree = "<group>"; };
		B725A8E11F01BEB5006AC9DF /* BaseTableViewCell.swift */ = {isa = PBXFileReference; fileEncoding = 4; lastKnownFileType = sourcecode.swift; path = BaseTableViewCell.swift; sourceTree = "<group>"; };
		B7260C371EDEFAC200FC3913 /* DetailCollectionViewCell.swift */ = {isa = PBXFileReference; fileEncoding = 4; lastKnownFileType = sourcecode.swift; path = DetailCollectionViewCell.swift; sourceTree = "<group>"; };
		B727ADD81EC67AB10081F500 /* Project6-Bridging-Header.h */ = {isa = PBXFileReference; lastKnownFileType = sourcecode.c.h; path = "Project6-Bridging-Header.h"; sourceTree = "<group>"; };
		B727ADD91EC67AB20081F500 /* SWRevealViewController.h */ = {isa = PBXFileReference; fileEncoding = 4; lastKnownFileType = sourcecode.c.h; path = SWRevealViewController.h; sourceTree = "<group>"; };
		B727ADDA1EC67AB20081F500 /* SWRevealViewController.m */ = {isa = PBXFileReference; fileEncoding = 4; lastKnownFileType = sourcecode.c.objc; path = SWRevealViewController.m; sourceTree = "<group>"; };
		B727ADDC1EC67DB00081F500 /* HomeViewController.swift */ = {isa = PBXFileReference; fileEncoding = 4; lastKnownFileType = sourcecode.swift; path = HomeViewController.swift; sourceTree = "<group>"; };
		B72A71F31EC677C100EA9BDF /* Project6.app */ = {isa = PBXFileReference; explicitFileType = wrapper.application; includeInIndex = 0; path = Project6.app; sourceTree = BUILT_PRODUCTS_DIR; };
		B72A71F61EC677C100EA9BDF /* AppDelegate.swift */ = {isa = PBXFileReference; lastKnownFileType = sourcecode.swift; path = AppDelegate.swift; sourceTree = "<group>"; };
		B72A71FB1EC677C100EA9BDF /* Base */ = {isa = PBXFileReference; lastKnownFileType = file.storyboard; name = Base; path = Base.lproj/Main.storyboard; sourceTree = "<group>"; };
		B72A71FD1EC677C100EA9BDF /* Assets.xcassets */ = {isa = PBXFileReference; lastKnownFileType = folder.assetcatalog; path = Assets.xcassets; sourceTree = "<group>"; };
		B72A72001EC677C100EA9BDF /* Base */ = {isa = PBXFileReference; lastKnownFileType = file.storyboard; name = Base; path = Base.lproj/LaunchScreen.storyboard; sourceTree = "<group>"; };
		B72A72021EC677C100EA9BDF /* Info.plist */ = {isa = PBXFileReference; lastKnownFileType = text.plist.xml; path = Info.plist; sourceTree = "<group>"; };
		B74892671EC7E365003ABE22 /* GoogleService-Info.plist */ = {isa = PBXFileReference; fileEncoding = 4; lastKnownFileType = text.plist.xml; path = "GoogleService-Info.plist"; sourceTree = "<group>"; };
		B756C3D31ED547B200F1B46C /* DetailViewController.swift */ = {isa = PBXFileReference; fileEncoding = 4; lastKnownFileType = sourcecode.swift; path = DetailViewController.swift; sourceTree = "<group>"; };
		B77083371EC7FB9D00302760 /* Post.swift */ = {isa = PBXFileReference; fileEncoding = 4; lastKnownFileType = sourcecode.swift; path = Post.swift; sourceTree = "<group>"; };
		B77083391EC8034E00302760 /* FIRData.swift */ = {isa = PBXFileReference; fileEncoding = 4; lastKnownFileType = sourcecode.swift; path = FIRData.swift; sourceTree = "<group>"; };
		B7733E9F1EC6A8E300D5B9BD /* newCollectionViewCell.swift */ = {isa = PBXFileReference; fileEncoding = 4; lastKnownFileType = sourcecode.swift; path = newCollectionViewCell.swift; sourceTree = "<group>"; };
		B7733EA11EC6A96700D5B9BD /* popularCollectionViewCell.swift */ = {isa = PBXFileReference; fileEncoding = 4; lastKnownFileType = sourcecode.swift; path = popularCollectionViewCell.swift; sourceTree = "<group>"; };
		B77B554B1EEF6C8C00262589 /* SignUpField.swift */ = {isa = PBXFileReference; fileEncoding = 4; lastKnownFileType = sourcecode.swift; path = SignUpField.swift; sourceTree = "<group>"; };
		B77B554D1EEF6E4900262589 /* RegisterButton.swift */ = {isa = PBXFileReference; fileEncoding = 4; lastKnownFileType = sourcecode.swift; path = RegisterButton.swift; sourceTree = "<group>"; };
		B77B554F1EEF6F1600262589 /* SignUpViewController.swift */ = {isa = PBXFileReference; fileEncoding = 4; lastKnownFileType = sourcecode.swift; path = SignUpViewController.swift; sourceTree = "<group>"; };
		B77CEDEC1EE3DB8F005D4215 /* CategoryDisplayTableViewCell.swift */ = {isa = PBXFileReference; fileEncoding = 4; lastKnownFileType = sourcecode.swift; path = CategoryDisplayTableViewCell.swift; sourceTree = "<group>"; };
		B78053F61EE2C47B00F95BDF /* CategoryTableViewController.swift */ = {isa = PBXFileReference; fileEncoding = 4; lastKnownFileType = sourcecode.swift; path = CategoryTableViewController.swift; sourceTree = "<group>"; };
		B78053F81EE2C63300F95BDF /* CategorysTableViewCell.swift */ = {isa = PBXFileReference; fileEncoding = 4; lastKnownFileType = sourcecode.swift; path = CategorysTableViewCell.swift; sourceTree = "<group>"; };
		B7A63B651EF9185E007808D6 /* ProfileViewController.swift */ = {isa = PBXFileReference; fileEncoding = 4; lastKnownFileType = sourcecode.swift; path = ProfileViewController.swift; sourceTree = "<group>"; };
		B7B4CAD31EFA81330038F176 /* PostProductInfoViewController.swift */ = {isa = PBXFileReference; fileEncoding = 4; lastKnownFileType = sourcecode.swift; path = PostProductInfoViewController.swift; sourceTree = "<group>"; };
		B7B4CAD51EFA81570038F176 /* PostProductPhotosViewController.swift */ = {isa = PBXFileReference; fileEncoding = 4; lastKnownFileType = sourcecode.swift; path = PostProductPhotosViewController.swift; sourceTree = "<group>"; };
		B7B4CAD71EFAACE20038F176 /* PostDetailPhotosCollectionViewCell.swift */ = {isa = PBXFileReference; fileEncoding = 4; lastKnownFileType = sourcecode.swift; path = PostDetailPhotosCollectionViewCell.swift; sourceTree = "<group>"; };
		B7D58C9D1EEE0D9100126406 /* signUpButtonDesign.swift */ = {isa = PBXFileReference; fileEncoding = 4; lastKnownFileType = sourcecode.swift; path = signUpButtonDesign.swift; sourceTree = "<group>"; };
		B7DA001B1EDCBA8900CE5CC3 /* NewMoreCollectionViewController.swift */ = {isa = PBXFileReference; fileEncoding = 4; lastKnownFileType = sourcecode.swift; path = NewMoreCollectionViewController.swift; sourceTree = "<group>"; };
		B7DA001D1EDCBB8700CE5CC3 /* NewMoreReadCollectionViewCell.swift */ = {isa = PBXFileReference; fileEncoding = 4; lastKnownFileType = sourcecode.swift; path = NewMoreReadCollectionViewCell.swift; sourceTree = "<group>"; };
		B7DB51651EDCD0FC001847AC /* SectionHeaderCollectionReusableView.swift */ = {isa = PBXFileReference; fileEncoding = 4; lastKnownFileType = sourcecode.swift; path = SectionHeaderCollectionReusableView.swift; sourceTree = "<group>"; };
		B7E0F8711F08B5E900AD2A5B /* FirstCollectionViewCell.swift */ = {isa = PBXFileReference; fileEncoding = 4; lastKnownFileType = sourcecode.swift; path = FirstCollectionViewCell.swift; sourceTree = "<group>"; };
		B7E0F8741F08B9AF00AD2A5B /* FirstCollectionReusableView.swift */ = {isa = PBXFileReference; fileEncoding = 4; lastKnownFileType = sourcecode.swift; path = FirstCollectionReusableView.swift; sourceTree = "<group>"; };
		B7E390261ED59E3C005D8BFC /* ButtonDesign.swift */ = {isa = PBXFileReference; fileEncoding = 4; lastKnownFileType = sourcecode.swift; path = ButtonDesign.swift; sourceTree = "<group>"; };
		B7E3902A1ED5A13E005D8BFC /* ImageDesign.swift */ = {isa = PBXFileReference; fileEncoding = 4; lastKnownFileType = sourcecode.swift; path = ImageDesign.swift; sourceTree = "<group>"; };
		B7EBAC261EEFB6E200C46D42 /* Project6.entitlements */ = {isa = PBXFileReference; lastKnownFileType = text.plist.entitlements; path = Project6.entitlements; sourceTree = "<group>"; };
		B7F5CEE21EFCA99200E42B3B /* StoryViewController.swift */ = {isa = PBXFileReference; fileEncoding = 4; lastKnownFileType = sourcecode.swift; path = StoryViewController.swift; sourceTree = "<group>"; };
		B7F9B9621F0698DD0006AD38 /* ProfilePostsTableViewCell.swift */ = {isa = PBXFileReference; fileEncoding = 4; lastKnownFileType = sourcecode.swift; path = ProfilePostsTableViewCell.swift; sourceTree = "<group>"; };
		B7FB80941EF5592000EA0CEE /* ProfileImage.swift */ = {isa = PBXFileReference; fileEncoding = 4; lastKnownFileType = sourcecode.swift; path = ProfileImage.swift; sourceTree = "<group>"; };
		B7FE1D6A1EDE29D70072A068 /* PopularMoreReadCollectionViewController.swift */ = {isa = PBXFileReference; fileEncoding = 4; lastKnownFileType = sourcecode.swift; path = PopularMoreReadCollectionViewController.swift; sourceTree = "<group>"; };
		B7FE1D6C1EDE2C850072A068 /* PopularMoreReadCollectionViewCell.swift */ = {isa = PBXFileReference; fileEncoding = 4; lastKnownFileType = sourcecode.swift; path = PopularMoreReadCollectionViewCell.swift; sourceTree = "<group>"; };
		B7FE1D6E1EDE2F9A0072A068 /* SectionHeaderPopCollectionReusableView.swift */ = {isa = PBXFileReference; fileEncoding = 4; lastKnownFileType = sourcecode.swift; path = SectionHeaderPopCollectionReusableView.swift; sourceTree = "<group>"; };
/* End PBXFileReference section */

/* Begin PBXFrameworksBuildPhase section */
		B72A71F01EC677C100EA9BDF /* Frameworks */ = {
			isa = PBXFrameworksBuildPhase;
			buildActionMask = 2147483647;
			files = (
				EA7BFCDE87B8944C82D87222 /* Pods_Project6.framework in Frameworks */,
			);
			runOnlyForDeploymentPostprocessing = 0;
		};
/* End PBXFrameworksBuildPhase section */

/* Begin PBXGroup section */
		359357943D6157FB33795D65 /* Pods */ = {
			isa = PBXGroup;
			children = (
				063493BB14E15DFF892F2F2C /* Pods-Project6.debug.xcconfig */,
				A3D5F851655234321568C5F6 /* Pods-Project6.release.xcconfig */,
			);
			name = Pods;
			sourceTree = "<group>";
		};
		832E06534CBBD57DA3FC6FA0 /* Frameworks */ = {
			isa = PBXGroup;
			children = (
				449A34F918184C79A7F7AD45 /* Pods_Project6.framework */,
			);
			name = Frameworks;
			sourceTree = "<group>";
		};
		B72A71EA1EC677C100EA9BDF = {
			isa = PBXGroup;
			children = (
				B72A71F51EC677C100EA9BDF /* Project6 */,
				B72A71F41EC677C100EA9BDF /* Products */,
				359357943D6157FB33795D65 /* Pods */,
				832E06534CBBD57DA3FC6FA0 /* Frameworks */,
			);
			sourceTree = "<group>";
		};
		B72A71F41EC677C100EA9BDF /* Products */ = {
			isa = PBXGroup;
			children = (
				B72A71F31EC677C100EA9BDF /* Project6.app */,
			);
			name = Products;
			sourceTree = "<group>";
		};
		B72A71F51EC677C100EA9BDF /* Project6 */ = {
			isa = PBXGroup;
			children = (
				B7EBAC261EEFB6E200C46D42 /* Project6.entitlements */,
				B7E0F8731F08B99500AD2A5B /* SectionHeader */,
				B7733EA41EC6A98100D5B9BD /* View Controller */,
				B7733EA71EC6A9BA00D5B9BD /* Data */,
				B7733EA51EC6A99600D5B9BD /* Sidemenu */,
				B7733EA31EC6A97300D5B9BD /* Cell */,
				B74892691EC7E37D003ABE22 /* Docs */,
				B72A71FD1EC677C100EA9BDF /* Assets.xcassets */,
				B7E390251ED59E1A005D8BFC /* UI Design */,
				B7733EA61EC6A9AB00D5B9BD /* View */,
			);
			path = Project6;
			sourceTree = "<group>";
		};
		B74892691EC7E37D003ABE22 /* Docs */ = {
			isa = PBXGroup;
			children = (
				B72A72021EC677C100EA9BDF /* Info.plist */,
				B74892671EC7E365003ABE22 /* GoogleService-Info.plist */,
			);
			name = Docs;
			sourceTree = "<group>";
		};
		B7733EA31EC6A97300D5B9BD /* Cell */ = {
			isa = PBXGroup;
			children = (
				B7733E9F1EC6A8E300D5B9BD /* newCollectionViewCell.swift */,
				B77CEDEC1EE3DB8F005D4215 /* CategoryDisplayTableViewCell.swift */,
				B7733EA11EC6A96700D5B9BD /* popularCollectionViewCell.swift */,
				B7FE1D6C1EDE2C850072A068 /* PopularMoreReadCollectionViewCell.swift */,
				B7DA001D1EDCBB8700CE5CC3 /* NewMoreReadCollectionViewCell.swift */,
				B78053F81EE2C63300F95BDF /* CategorysTableViewCell.swift */,
				B7260C371EDEFAC200FC3913 /* DetailCollectionViewCell.swift */,
				B7B4CAD71EFAACE20038F176 /* PostDetailPhotosCollectionViewCell.swift */,
				B725A8E11F01BEB5006AC9DF /* BaseTableViewCell.swift */,
				B7F9B9621F0698DD0006AD38 /* ProfilePostsTableViewCell.swift */,
				B7E0F8711F08B5E900AD2A5B /* FirstCollectionViewCell.swift */,
			);
			name = Cell;
			sourceTree = "<group>";
		};
		B7733EA41EC6A98100D5B9BD /* View Controller */ = {
			isa = PBXGroup;
			children = (
				B727ADDC1EC67DB00081F500 /* HomeViewController.swift */,
				B78053F61EE2C47B00F95BDF /* CategoryTableViewController.swift */,
				B756C3D31ED547B200F1B46C /* DetailViewController.swift */,
				B7DA001B1EDCBA8900CE5CC3 /* NewMoreCollectionViewController.swift */,
				B702E72E1EF8A442003C89E4 /* EmailLoginViewController.swift */,
				B7FE1D6A1EDE29D70072A068 /* PopularMoreReadCollectionViewController.swift */,
				B71EEA3C1EED7D2A00CCF1D1 /* SignInandUpViewController.swift */,
				B77B554F1EEF6F1600262589 /* SignUpViewController.swift */,
				B7A63B651EF9185E007808D6 /* ProfileViewController.swift */,
				B7B4CAD31EFA81330038F176 /* PostProductInfoViewController.swift */,
				B7B4CAD51EFA81570038F176 /* PostProductPhotosViewController.swift */,
				B7F5CEE21EFCA99200E42B3B /* StoryViewController.swift */,
				B725A8DF1F01AB4B006AC9DF /* BaseViewController.swift */,
				B7066E311F07E39A002FD738 /* PreviousViewController.swift */,
				B7060DF21F021EED003E51C7 /* AccountViewController.swift */,
			);
			name = "View Controller";
			sourceTree = "<group>";
		};
		B7733EA51EC6A99600D5B9BD /* Sidemenu */ = {
			isa = PBXGroup;
			children = (
				B727ADDA1EC67AB20081F500 /* SWRevealViewController.m */,
				B727ADD91EC67AB20081F500 /* SWRevealViewController.h */,
			);
			name = Sidemenu;
			sourceTree = "<group>";
		};
		B7733EA61EC6A9AB00D5B9BD /* View */ = {
			isa = PBXGroup;
			children = (
				B72A71FA1EC677C100EA9BDF /* Main.storyboard */,
				B72A71FF1EC677C100EA9BDF /* LaunchScreen.storyboard */,
			);
			name = View;
			sourceTree = "<group>";
		};
		B7733EA71EC6A9BA00D5B9BD /* Data */ = {
			isa = PBXGroup;
			children = (
				B72A71F61EC677C100EA9BDF /* AppDelegate.swift */,
				B727ADD81EC67AB10081F500 /* Project6-Bridging-Header.h */,
				B77083391EC8034E00302760 /* FIRData.swift */,
				B77083371EC7FB9D00302760 /* Post.swift */,
			);
			name = Data;
			sourceTree = "<group>";
		};
		B7E0F8731F08B99500AD2A5B /* SectionHeader */ = {
			isa = PBXGroup;
			children = (
				B7E0F8741F08B9AF00AD2A5B /* FirstCollectionReusableView.swift */,
			);
			name = SectionHeader;
			sourceTree = "<group>";
		};
		B7E390251ED59E1A005D8BFC /* UI Design */ = {
			isa = PBXGroup;
			children = (
				B7E390261ED59E3C005D8BFC /* ButtonDesign.swift */,
				B7FB80941EF5592000EA0CEE /* ProfileImage.swift */,
				B7D58C9D1EEE0D9100126406 /* signUpButtonDesign.swift */,
				B77B554D1EEF6E4900262589 /* RegisterButton.swift */,
				B71ACDA71EED8620005DCD80 /* SignInUpViewDesign.swift */,
				B7DB51651EDCD0FC001847AC /* SectionHeaderCollectionReusableView.swift */,
				B7FE1D6E1EDE2F9A0072A068 /* SectionHeaderPopCollectionReusableView.swift */,
				B7E3902A1ED5A13E005D8BFC /* ImageDesign.swift */,
				B77B554B1EEF6C8C00262589 /* SignUpField.swift */,
			);
			name = "UI Design";
			sourceTree = "<group>";
		};
/* End PBXGroup section */

/* Begin PBXNativeTarget section */
		B72A71F21EC677C100EA9BDF /* Project6 */ = {
			isa = PBXNativeTarget;
			buildConfigurationList = B72A72051EC677C100EA9BDF /* Build configuration list for PBXNativeTarget "Project6" */;
			buildPhases = (
				4828B839D0D5FCAB8A6E75F2 /* [CP] Check Pods Manifest.lock */,
				B72A71EF1EC677C100EA9BDF /* Sources */,
				B72A71F01EC677C100EA9BDF /* Frameworks */,
				B72A71F11EC677C100EA9BDF /* Resources */,
				9789310EFE252A0770545918 /* [CP] Embed Pods Frameworks */,
				A141094E60DD59DD26E79D4E /* [CP] Copy Pods Resources */,
			);
			buildRules = (
			);
			dependencies = (
			);
			name = Project6;
			productName = Project6;
			productReference = B72A71F31EC677C100EA9BDF /* Project6.app */;
			productType = "com.apple.product-type.application";
		};
/* End PBXNativeTarget section */

/* Begin PBXProject section */
		B72A71EB1EC677C100EA9BDF /* Project object */ = {
			isa = PBXProject;
			attributes = {
				LastSwiftUpdateCheck = 0830;
				LastUpgradeCheck = 0830;
				ORGANIZATIONNAME = yujiro_saito;
				TargetAttributes = {
					B72A71F21EC677C100EA9BDF = {
						CreatedOnToolsVersion = 8.3.2;
						DevelopmentTeam = N7JAVHJ5S7;
						LastSwiftMigration = 0830;
						ProvisioningStyle = Automatic;
						SystemCapabilities = {
							com.apple.Keychain = {
								enabled = 1;
							};
						};
					};
				};
			};
			buildConfigurationList = B72A71EE1EC677C100EA9BDF /* Build configuration list for PBXProject "Project6" */;
			compatibilityVersion = "Xcode 3.2";
			developmentRegion = English;
			hasScannedForEncodings = 0;
			knownRegions = (
				en,
				Base,
			);
			mainGroup = B72A71EA1EC677C100EA9BDF;
			productRefGroup = B72A71F41EC677C100EA9BDF /* Products */;
			projectDirPath = "";
			projectRoot = "";
			targets = (
				B72A71F21EC677C100EA9BDF /* Project6 */,
			);
		};
/* End PBXProject section */

/* Begin PBXResourcesBuildPhase section */
		B72A71F11EC677C100EA9BDF /* Resources */ = {
			isa = PBXResourcesBuildPhase;
			buildActionMask = 2147483647;
			files = (
				B72A72011EC677C100EA9BDF /* LaunchScreen.storyboard in Resources */,
				B74892681EC7E365003ABE22 /* GoogleService-Info.plist in Resources */,
				B72A71FE1EC677C100EA9BDF /* Assets.xcassets in Resources */,
				B72A71FC1EC677C100EA9BDF /* Main.storyboard in Resources */,
			);
			runOnlyForDeploymentPostprocessing = 0;
		};
/* End PBXResourcesBuildPhase section */

/* Begin PBXShellScriptBuildPhase section */
		4828B839D0D5FCAB8A6E75F2 /* [CP] Check Pods Manifest.lock */ = {
			isa = PBXShellScriptBuildPhase;
			buildActionMask = 2147483647;
			files = (
			);
			inputPaths = (
			);
			name = "[CP] Check Pods Manifest.lock";
			outputPaths = (
			);
			runOnlyForDeploymentPostprocessing = 0;
			shellPath = /bin/sh;
			shellScript = "diff \"${PODS_ROOT}/../Podfile.lock\" \"${PODS_ROOT}/Manifest.lock\" > /dev/null\nif [ $? != 0 ] ; then\n    # print error to STDERR\n    echo \"error: The sandbox is not in sync with the Podfile.lock. Run 'pod install' or update your CocoaPods installation.\" >&2\n    exit 1\nfi\n";
			showEnvVarsInLog = 0;
		};
		9789310EFE252A0770545918 /* [CP] Embed Pods Frameworks */ = {
			isa = PBXShellScriptBuildPhase;
			buildActionMask = 2147483647;
			files = (
			);
			inputPaths = (
			);
			name = "[CP] Embed Pods Frameworks";
			outputPaths = (
			);
			runOnlyForDeploymentPostprocessing = 0;
			shellPath = /bin/sh;
			shellScript = "\"${SRCROOT}/Pods/Target Support Files/Pods-Project6/Pods-Project6-frameworks.sh\"\n";
			showEnvVarsInLog = 0;
		};
		A141094E60DD59DD26E79D4E /* [CP] Copy Pods Resources */ = {
			isa = PBXShellScriptBuildPhase;
			buildActionMask = 2147483647;
			files = (
			);
			inputPaths = (
			);
			name = "[CP] Copy Pods Resources";
			outputPaths = (
			);
			runOnlyForDeploymentPostprocessing = 0;
			shellPath = /bin/sh;
			shellScript = "\"${SRCROOT}/Pods/Target Support Files/Pods-Project6/Pods-Project6-resources.sh\"\n";
			showEnvVarsInLog = 0;
		};
/* End PBXShellScriptBuildPhase section */

/* Begin PBXSourcesBuildPhase section */
		B72A71EF1EC677C100EA9BDF /* Sources */ = {
			isa = PBXSourcesBuildPhase;
			buildActionMask = 2147483647;
			files = (
				B7B4CAD81EFAACE20038F176 /* PostDetailPhotosCollectionViewCell.swift in Sources */,
				B77CEDED1EE3DB8F005D4215 /* CategoryDisplayTableViewCell.swift in Sources */,
				B702E72F1EF8A442003C89E4 /* EmailLoginViewController.swift in Sources */,
				B7F9B9631F0698DD0006AD38 /* ProfilePostsTableViewCell.swift in Sources */,
				B7733EA21EC6A96700D5B9BD /* popularCollectionViewCell.swift in Sources */,
				B725A8E21F01BEB5006AC9DF /* BaseTableViewCell.swift in Sources */,
				B7FE1D6B1EDE29D70072A068 /* PopularMoreReadCollectionViewController.swift in Sources */,
				B725A8E01F01AB4B006AC9DF /* BaseViewController.swift in Sources */,
				B71ACDA81EED8620005DCD80 /* SignInUpViewDesign.swift in Sources */,
				B7066E321F07E39A002FD738 /* PreviousViewController.swift in Sources */,
				B756C3D41ED547B200F1B46C /* DetailViewController.swift in Sources */,
				B7DB51661EDCD0FC001847AC /* SectionHeaderCollectionReusableView.swift in Sources */,
				B77B554C1EEF6C8C00262589 /* SignUpField.swift in Sources */,
				B7D58C9E1EEE0D9100126406 /* signUpButtonDesign.swift in Sources */,
				B72A71F71EC677C100EA9BDF /* AppDelegate.swift in Sources */,
				B727ADDB1EC67AB20081F500 /* SWRevealViewController.m in Sources */,
				B7DA001C1EDCBA8900CE5CC3 /* NewMoreCollectionViewController.swift in Sources */,
				B7FE1D6F1EDE2F9A0072A068 /* SectionHeaderPopCollectionReusableView.swift in Sources */,
				B7E0F8751F08B9AF00AD2A5B /* FirstCollectionReusableView.swift in Sources */,
				B7A63B661EF9185E007808D6 /* ProfileViewController.swift in Sources */,
				B770833A1EC8034E00302760 /* FIRData.swift in Sources */,
				B7FB80951EF5592000EA0CEE /* ProfileImage.swift in Sources */,
				B7DA001E1EDCBB8700CE5CC3 /* NewMoreReadCollectionViewCell.swift in Sources */,
				B7B4CAD61EFA81570038F176 /* PostProductPhotosViewController.swift in Sources */,
				B71EEA3D1EED7D2A00CCF1D1 /* SignInandUpViewController.swift in Sources */,
				B7E0F8721F08B5E900AD2A5B /* FirstCollectionViewCell.swift in Sources */,
				B78053F71EE2C47B00F95BDF /* CategoryTableViewController.swift in Sources */,
				B7260C381EDEFAC200FC3913 /* DetailCollectionViewCell.swift in Sources */,
				B727ADDD1EC67DB00081F500 /* HomeViewController.swift in Sources */,
				B7E390271ED59E3C005D8BFC /* ButtonDesign.swift in Sources */,
				B7060DF31F021EED003E51C7 /* AccountViewController.swift in Sources */,
				B77B554E1EEF6E4900262589 /* RegisterButton.swift in Sources */,
				B78053F91EE2C63300F95BDF /* CategorysTableViewCell.swift in Sources */,
				B7FE1D6D1EDE2C850072A068 /* PopularMoreReadCollectionViewCell.swift in Sources */,
				B77083381EC7FB9D00302760 /* Post.swift in Sources */,
				B7B4CAD41EFA81330038F176 /* PostProductInfoViewController.swift in Sources */,
				B7E3902B1ED5A13E005D8BFC /* ImageDesign.swift in Sources */,
				B7F5CEE31EFCA99200E42B3B /* StoryViewController.swift in Sources */,
				B77B55501EEF6F1600262589 /* SignUpViewController.swift in Sources */,
				B7733EA01EC6A8E300D5B9BD /* newCollectionViewCell.swift in Sources */,
			);
			runOnlyForDeploymentPostprocessing = 0;
		};
/* End PBXSourcesBuildPhase section */

/* Begin PBXVariantGroup section */
		B72A71FA1EC677C100EA9BDF /* Main.storyboard */ = {
			isa = PBXVariantGroup;
			children = (
				B72A71FB1EC677C100EA9BDF /* Base */,
			);
			name = Main.storyboard;
			sourceTree = "<group>";
		};
		B72A71FF1EC677C100EA9BDF /* LaunchScreen.storyboard */ = {
			isa = PBXVariantGroup;
			children = (
				B72A72001EC677C100EA9BDF /* Base */,
			);
			name = LaunchScreen.storyboard;
			sourceTree = "<group>";
		};
/* End PBXVariantGroup section */

/* Begin XCBuildConfiguration section */
		B72A72031EC677C100EA9BDF /* Debug */ = {
			isa = XCBuildConfiguration;
			buildSettings = {
				ALWAYS_SEARCH_USER_PATHS = NO;
				CLANG_ANALYZER_NONNULL = YES;
				CLANG_ANALYZER_NUMBER_OBJECT_CONVERSION = YES_AGGRESSIVE;
				CLANG_CXX_LANGUAGE_STANDARD = "gnu++0x";
				CLANG_CXX_LIBRARY = "libc++";
				CLANG_ENABLE_MODULES = YES;
				CLANG_ENABLE_OBJC_ARC = YES;
				CLANG_WARN_BOOL_CONVERSION = YES;
				CLANG_WARN_CONSTANT_CONVERSION = YES;
				CLANG_WARN_DIRECT_OBJC_ISA_USAGE = YES_ERROR;
				CLANG_WARN_DOCUMENTATION_COMMENTS = YES;
				CLANG_WARN_EMPTY_BODY = YES;
				CLANG_WARN_ENUM_CONVERSION = YES;
				CLANG_WARN_INFINITE_RECURSION = YES;
				CLANG_WARN_INT_CONVERSION = YES;
				CLANG_WARN_OBJC_ROOT_CLASS = YES_ERROR;
				CLANG_WARN_SUSPICIOUS_MOVE = YES;
				CLANG_WARN_UNREACHABLE_CODE = YES;
				CLANG_WARN__DUPLICATE_METHOD_MATCH = YES;
				"CODE_SIGN_IDENTITY[sdk=iphoneos*]" = "iPhone Developer";
				COPY_PHASE_STRIP = NO;
				DEBUG_INFORMATION_FORMAT = dwarf;
				ENABLE_STRICT_OBJC_MSGSEND = YES;
				ENABLE_TESTABILITY = YES;
				GCC_C_LANGUAGE_STANDARD = gnu99;
				GCC_DYNAMIC_NO_PIC = NO;
				GCC_NO_COMMON_BLOCKS = YES;
				GCC_OPTIMIZATION_LEVEL = 0;
				GCC_PREPROCESSOR_DEFINITIONS = (
					"DEBUG=1",
					"$(inherited)",
				);
				GCC_WARN_64_TO_32_BIT_CONVERSION = YES;
				GCC_WARN_ABOUT_RETURN_TYPE = YES_ERROR;
				GCC_WARN_UNDECLARED_SELECTOR = YES;
				GCC_WARN_UNINITIALIZED_AUTOS = YES_AGGRESSIVE;
				GCC_WARN_UNUSED_FUNCTION = YES;
				GCC_WARN_UNUSED_VARIABLE = YES;
				IPHONEOS_DEPLOYMENT_TARGET = 10.3;
				MTL_ENABLE_DEBUG_INFO = YES;
				ONLY_ACTIVE_ARCH = YES;
				SDKROOT = iphoneos;
				SWIFT_ACTIVE_COMPILATION_CONDITIONS = DEBUG;
				SWIFT_OPTIMIZATION_LEVEL = "-Onone";
				TARGETED_DEVICE_FAMILY = "1,2";
			};
			name = Debug;
		};
		B72A72041EC677C100EA9BDF /* Release */ = {
			isa = XCBuildConfiguration;
			buildSettings = {
				ALWAYS_SEARCH_USER_PATHS = NO;
				CLANG_ANALYZER_NONNULL = YES;
				CLANG_ANALYZER_NUMBER_OBJECT_CONVERSION = YES_AGGRESSIVE;
				CLANG_CXX_LANGUAGE_STANDARD = "gnu++0x";
				CLANG_CXX_LIBRARY = "libc++";
				CLANG_ENABLE_MODULES = YES;
				CLANG_ENABLE_OBJC_ARC = YES;
				CLANG_WARN_BOOL_CONVERSION = YES;
				CLANG_WARN_CONSTANT_CONVERSION = YES;
				CLANG_WARN_DIRECT_OBJC_ISA_USAGE = YES_ERROR;
				CLANG_WARN_DOCUMENTATION_COMMENTS = YES;
				CLANG_WARN_EMPTY_BODY = YES;
				CLANG_WARN_ENUM_CONVERSION = YES;
				CLANG_WARN_INFINITE_RECURSION = YES;
				CLANG_WARN_INT_CONVERSION = YES;
				CLANG_WARN_OBJC_ROOT_CLASS = YES_ERROR;
				CLANG_WARN_SUSPICIOUS_MOVE = YES;
				CLANG_WARN_UNREACHABLE_CODE = YES;
				CLANG_WARN__DUPLICATE_METHOD_MATCH = YES;
				"CODE_SIGN_IDENTITY[sdk=iphoneos*]" = "iPhone Developer";
				COPY_PHASE_STRIP = NO;
				DEBUG_INFORMATION_FORMAT = "dwarf-with-dsym";
				ENABLE_NS_ASSERTIONS = NO;
				ENABLE_STRICT_OBJC_MSGSEND = YES;
				GCC_C_LANGUAGE_STANDARD = gnu99;
				GCC_NO_COMMON_BLOCKS = YES;
				GCC_WARN_64_TO_32_BIT_CONVERSION = YES;
				GCC_WARN_ABOUT_RETURN_TYPE = YES_ERROR;
				GCC_WARN_UNDECLARED_SELECTOR = YES;
				GCC_WARN_UNINITIALIZED_AUTOS = YES_AGGRESSIVE;
				GCC_WARN_UNUSED_FUNCTION = YES;
				GCC_WARN_UNUSED_VARIABLE = YES;
				IPHONEOS_DEPLOYMENT_TARGET = 10.3;
				MTL_ENABLE_DEBUG_INFO = NO;
				SDKROOT = iphoneos;
				SWIFT_OPTIMIZATION_LEVEL = "-Owholemodule";
				TARGETED_DEVICE_FAMILY = "1,2";
				VALIDATE_PRODUCT = YES;
			};
			name = Release;
		};
		B72A72061EC677C100EA9BDF /* Debug */ = {
			isa = XCBuildConfiguration;
			baseConfigurationReference = 063493BB14E15DFF892F2F2C /* Pods-Project6.debug.xcconfig */;
			buildSettings = {
				ALWAYS_EMBED_SWIFT_STANDARD_LIBRARIES = YES;
				ASSETCATALOG_COMPILER_APPICON_NAME = AppIcon;
				CLANG_ENABLE_MODULES = YES;
				CODE_SIGN_ENTITLEMENTS = Project6/Project6.entitlements;
				DEVELOPMENT_TEAM = N7JAVHJ5S7;
				INFOPLIST_FILE = Project6/Info.plist;
				LD_RUNPATH_SEARCH_PATHS = "$(inherited) @executable_path/Frameworks";
				PRODUCT_BUNDLE_IDENTIFIER = com.yujirosaito006.Project6;
				PRODUCT_NAME = "$(TARGET_NAME)";
				SWIFT_OBJC_BRIDGING_HEADER = "Project6/Project6-Bridging-Header.h";
				SWIFT_OPTIMIZATION_LEVEL = "-Onone";
				SWIFT_VERSION = 3.0;
				TARGETED_DEVICE_FAMILY = 1;
			};
			name = Debug;
		};
		B72A72071EC677C100EA9BDF /* Release */ = {
			isa = XCBuildConfiguration;
			baseConfigurationReference = A3D5F851655234321568C5F6 /* Pods-Project6.release.xcconfig */;
			buildSettings = {
				ALWAYS_EMBED_SWIFT_STANDARD_LIBRARIES = YES;
				ASSETCATALOG_COMPILER_APPICON_NAME = AppIcon;
				CLANG_ENABLE_MODULES = YES;
				CODE_SIGN_ENTITLEMENTS = Project6/Project6.entitlements;
				DEVELOPMENT_TEAM = N7JAVHJ5S7;
				INFOPLIST_FILE = Project6/Info.plist;
				LD_RUNPATH_SEARCH_PATHS = "$(inherited) @executable_path/Frameworks";
				PRODUCT_BUNDLE_IDENTIFIER = com.yujirosaito006.Project6;
				PRODUCT_NAME = "$(TARGET_NAME)";
				SWIFT_OBJC_BRIDGING_HEADER = "Project6/Project6-Bridging-Header.h";
				SWIFT_VERSION = 3.0;
				TARGETED_DEVICE_FAMILY = 1;
			};
			name = Release;
		};
/* End XCBuildConfiguration section */

/* Begin XCConfigurationList section */
		B72A71EE1EC677C100EA9BDF /* Build configuration list for PBXProject "Project6" */ = {
			isa = XCConfigurationList;
			buildConfigurations = (
				B72A72031EC677C100EA9BDF /* Debug */,
				B72A72041EC677C100EA9BDF /* Release */,
			);
			defaultConfigurationIsVisible = 0;
			defaultConfigurationName = Release;
		};
		B72A72051EC677C100EA9BDF /* Build configuration list for PBXNativeTarget "Project6" */ = {
			isa = XCConfigurationList;
			buildConfigurations = (
				B72A72061EC677C100EA9BDF /* Debug */,
				B72A72071EC677C100EA9BDF /* Release */,
			);
			defaultConfigurationIsVisible = 0;
			defaultConfigurationName = Release;
		};
/* End XCConfigurationList section */
	};
	rootObject = B72A71EB1EC677C100EA9BDF /* Project object */;
}
